
Microsoft Visual Studio Solution File, Format Version 12.00
# Visual Studio Version 17
VisualStudioVersion = 17.5.33516.290
MinimumVisualStudioVersion = 10.0.40219.1
Project("{FAE04EC0-301F-11D3-BF4B-00C04F79EFBC}") = "GymManagmentStudio", "GymManagmentStudio.csproj", "{DB1AAF80-F71C-44E1-AC9D-05A136B33325}"
EndProject
Global
	GlobalSection(SolutionConfigurationPlatforms) = preSolution
		Debug|Any CPU = Debug|Any CPU
		Release|Any CPU = Release|Any CPU
	EndGlobalSection
	GlobalSection(ProjectConfigurationPlatforms) = postSolution
		{DB1AAF80-F71C-44E1-AC9D-05A136B33325}.Debug|Any CPU.ActiveCfg = Debug|Any CPU
		{DB1AAF80-F71C-44E1-AC9D-05A136B33325}.Debug|Any CPU.Build.0 = Debug|Any CPU
		{DB1AAF80-F71C-44E1-AC9D-05A136B33325}.Release|Any CPU.ActiveCfg = Release|Any CPU
		{DB1AAF80-F71C-44E1-AC9D-05A136B33325}.Release|Any CPU.Build.0 = Release|Any CPU
	EndGlobalSection
	GlobalSection(SolutionProperties) = preSolution
		HideSolutionNode = FALSE
	EndGlobalSection
	GlobalSection(ExtensibilityGlobals) = postSolution
		SolutionGuid = {FAEE964E-2765-49E2-AB03-1C9D3B2788F7}
	EndGlobalSection
EndGlobal
